
Microsoft Visual Studio Solution File, Format Version 12.00
# Visual Studio Version 16
VisualStudioVersion = 16.0.28803.202
MinimumVisualStudioVersion = 10.0.40219.1
Project("{FAE04EC0-301F-11D3-BF4B-00C04F79EFBC}") = "QuickBuy.Dominio", "QuickBuy.Dominio\QuickBuy.Dominio.csproj", "{CF1C0817-393E-4DCF-BD01-83031819C575}"
EndProject
Project("{FAE04EC0-301F-11D3-BF4B-00C04F79EFBC}") = "QuickBuy.Repositorio", "QuickBuy.Repositorio\QuickBuy.Repositorio.csproj", "{0A78D009-006F-4DF4-8887-9CFBB03D70C2}"
EndProject
Project("{FAE04EC0-301F-11D3-BF4B-00C04F79EFBC}") = "QuickBuy.Web", "QuickBuy.Web\QuickBuy.Web.csproj", "{D217CFEA-32F0-45D4-A0B7-9AEB680F3F0C}"
EndProject
Global
	GlobalSection(SolutionConfigurationPlatforms) = preSolution
		Debug|Any CPU = Debug|Any CPU
		Release|Any CPU = Release|Any CPU
	EndGlobalSection
	GlobalSection(ProjectConfigurationPlatforms) = postSolution
		{CF1C0817-393E-4DCF-BD01-83031819C575}.Debug|Any CPU.ActiveCfg = Debug|Any CPU
		{CF1C0817-393E-4DCF-BD01-83031819C575}.Debug|Any CPU.Build.0 = Debug|Any CPU
		{CF1C0817-393E-4DCF-BD01-83031819C575}.Release|Any CPU.ActiveCfg = Release|Any CPU
		{CF1C0817-393E-4DCF-BD01-83031819C575}.Release|Any CPU.Build.0 = Release|Any CPU
		{0A78D009-006F-4DF4-8887-9CFBB03D70C2}.Debug|Any CPU.ActiveCfg = Debug|Any CPU
		{0A78D009-006F-4DF4-8887-9CFBB03D70C2}.Debug|Any CPU.Build.0 = Debug|Any CPU
		{0A78D009-006F-4DF4-8887-9CFBB03D70C2}.Release|Any CPU.ActiveCfg = Release|Any CPU
		{0A78D009-006F-4DF4-8887-9CFBB03D70C2}.Release|Any CPU.Build.0 = Release|Any CPU
		{D217CFEA-32F0-45D4-A0B7-9AEB680F3F0C}.Debug|Any CPU.ActiveCfg = Debug|Any CPU
		{D217CFEA-32F0-45D4-A0B7-9AEB680F3F0C}.Debug|Any CPU.Build.0 = Debug|Any CPU
		{D217CFEA-32F0-45D4-A0B7-9AEB680F3F0C}.Release|Any CPU.ActiveCfg = Release|Any CPU
		{D217CFEA-32F0-45D4-A0B7-9AEB680F3F0C}.Release|Any CPU.Build.0 = Release|Any CPU
	EndGlobalSection
	GlobalSection(SolutionProperties) = preSolution
		HideSolutionNode = FALSE
	EndGlobalSection
	GlobalSection(ExtensibilityGlobals) = postSolution
		SolutionGuid = {D6926467-B37D-4FA8-B24F-ABC27FB57B06}
	EndGlobalSection
EndGlobal
